// !$*UTF8*$!
{
	archiveVersion = 1;
	classes = {
	};
	objectVersion = 46;
	objects = {

/* Begin PBXBuildFile section */
		FAC3F9E81EC75E4F0026DBE8 /* main.cpp in Sources */ = {isa = PBXBuildFile; fileRef = FAC3F9E71EC75E4F0026DBE8 /* main.cpp */; };
/* End PBXBuildFile section */

/* Begin PBXCopyFilesBuildPhase section */
		FAC3F9E21EC75E4F0026DBE8 /* CopyFiles */ = {
			isa = PBXCopyFilesBuildPhase;
			buildActionMask = 2147483647;
			dstPath = /usr/share/man/man1/;
			dstSubfolderSpec = 0;
			files = (
			);
			runOnlyForDeploymentPostprocessing = 1;
		};
/* End PBXCopyFilesBuildPhase section */

/* Begin PBXFileReference section */
		FAC3F9E41EC75E4F0026DBE8 /* sfinae */ = {isa = PBXFileReference; explicitFileType = "compiled.mach-o.executable"; includeInIndex = 0; path = sfinae; sourceTree = BUILT_PRODUCTS_DIR; };
		FAC3F9E71EC75E4F0026DBE8 /* main.cpp */ = {isa = PBXFileReference; lastKnownFileType = sourcecode.cpp.cpp; path = main.cpp; sourceTree = "<group>"; };
/* End PBXFileReference section */

/* Begin PBXFrameworksBuildPhase section */
		FAC3F9E11EC75E4F0026DBE8 /* Frameworks */ = {
			isa = PBXFrameworksBuildPhase;
			buildActionMask = 2147483647;
			files = (
			);
			runOnlyForDeploymentPostprocessing = 0;
		};
/* End PBXFrameworksBuildPhase section */

/* Begin PBXGroup section */
		FAC3F9DB1EC75E4F0026DBE8 = {
			isa = PBXGroup;
			children = (
				FAC3F9E61EC75E4F0026DBE8 /* sfinae */,
				FAC3F9E51EC75E4F0026DBE8 /* Products */,
			);
			sourceTree = "<group>";
		};
		FAC3F9E51EC75E4F0026DBE8 /* Products */ = {
			isa = PBXGroup;
			children = (
				FAC3F9E41EC75E4F0026DBE8 /* sfinae */,
			);
			name = Products;
			sourceTree = "<group>";
		};
		FAC3F9E61EC75E4F0026DBE8 /* sfinae */ = {
			isa = PBXGroup;
			children = (
				FAC3F9E71EC75E4F0026DBE8 /* main.cpp */,
			);
			path = sfinae;
			sourceTree = "<group>";
		};
/* End PBXGroup section */

/* Begin PBXNativeTarget section */
		FAC3F9E31EC75E4F0026DBE8 /* sfinae */ = {
			isa = PBXNativeTarget;
			buildConfigurationList = FAC3F9EB1EC75E4F0026DBE8 /* Build configuration list for PBXNativeTarget "sfinae" */;
			buildPhases = (
				FAC3F9E01EC75E4F0026DBE8 /* Sources */,
				FAC3F9E11EC75E4F0026DBE8 /* Frameworks */,
				FAC3F9E21EC75E4F0026DBE8 /* CopyFiles */,
			);
			buildRules = (
			);
			dependencies = (
			);
			name = sfinae;
			productName = sfinae;
			productReference = FAC3F9E41EC75E4F0026DBE8 /* sfinae */;
			productType = "com.apple.product-type.tool";
		};
/* End PBXNativeTarget section */

/* Begin PBXProject section */
		FAC3F9DC1EC75E4F0026DBE8 /* Project object */ = {
			isa = PBXProject;
			attributes = {
				LastUpgradeCheck = 0820;
				ORGANIZATIONNAME = "Luis von der Eltz";
				TargetAttributes = {
					FAC3F9E31EC75E4F0026DBE8 = {
						CreatedOnToolsVersion = 8.2.1;
						DevelopmentTeam = 7UL3QLWN6Q;
						ProvisioningStyle = Automatic;
					};
				};
			};
			buildConfigurationList = FAC3F9DF1EC75E4F0026DBE8 /* Build configuration list for PBXProject "sfinae" */;
			compatibilityVersion = "Xcode 3.2";
			developmentRegion = English;
			hasScannedForEncodings = 0;
			knownRegions = (
				en,
			);
			mainGroup = FAC3F9DB1EC75E4F0026DBE8;
			productRefGroup = FAC3F9E51EC75E4F0026DBE8 /* Products */;
			projectDirPath = "";
			projectRoot = "";
			targets = (
				FAC3F9E31EC75E4F0026DBE8 /* sfinae */,
			);
		};
/* End PBXProject section */

/* Begin PBXSourcesBuildPhase section */
		FAC3F9E01EC75E4F0026DBE8 /* Sources */ = {
			isa = PBXSourcesBuildPhase;
			buildActionMask = 2147483647;
			files = (
				FAC3F9E81EC75E4F0026DBE8 /* main.cpp in Sources */,
			);
			runOnlyForDeploymentPostprocessing = 0;
		};
/* End PBXSourcesBuildPhase section */

/* Begin XCBuildConfiguration section */
		FAC3F9E91EC75E4F0026DBE8 /* Debug */ = {
			isa = XCBuildConfiguration;
			buildSettings = {
				ALWAYS_SEARCH_USER_PATHS = NO;
				CLANG_ANALYZER_NONNULL = YES;
				CLANG_CXX_LANGUAGE_STANDARD = "gnu++0x";
				CLANG_CXX_LIBRARY = "libc++";
				CLANG_ENABLE_MODULES = YES;
				CLANG_ENABLE_OBJC_ARC = YES;
				CLANG_WARN_BOOL_CONVERSION = YES;
				CLANG_WARN_CONSTANT_CONVERSION = YES;
				CLANG_WARN_DIRECT_OBJC_ISA_USAGE = YES_ERROR;
				CLANG_WARN_DOCUMENTATION_COMMENTS = YES;
				CLANG_WARN_EMPTY_BODY = YES;
				CLANG_WARN_ENUM_CONVERSION = YES;
				CLANG_WARN_INFINITE_RECURSION = YES;
				CLANG_WARN_INT_CONVERSION = YES;
				CLANG_WARN_OBJC_ROOT_CLASS = YES_ERROR;
				CLANG_WARN_SUSPICIOUS_MOVE = YES;
				CLANG_WARN_UNREACHABLE_CODE = YES;
				CLANG_WARN__DUPLICATE_METHOD_MATCH = YES;
				CODE_SIGN_IDENTITY = "-";
				COPY_PHASE_STRIP = NO;
				DEBUG_INFORMATION_FORMAT = dwarf;
				ENABLE_STRICT_OBJC_MSGSEND = YES;
				ENABLE_TESTABILITY = YES;
				GCC_C_LANGUAGE_STANDARD = gnu99;
				GCC_DYNAMIC_NO_PIC = NO;
				GCC_NO_COMMON_BLOCKS = YES;
				GCC_OPTIMIZATION_LEVEL = 0;
				GCC_PREPROCESSOR_DEFINITIONS = (
					"DEBUG=1",
					"$(inherited)",
				);
				GCC_WARN_64_TO_32_BIT_CONVERSION = YES;
				GCC_WARN_ABOUT_RETURN_TYPE = YES_ERROR;
				GCC_WARN_UNDECLARED_SELECTOR = YES;
				GCC_WARN_UNINITIALIZED_AUTOS = YES_AGGRESSIVE;
				GCC_WARN_UNUSED_FUNCTION = YES;
				GCC_WARN_UNUSED_VARIABLE = YES;
				MACOSX_DEPLOYMENT_TARGET = 10.12;
				MTL_ENABLE_DEBUG_INFO = YES;
				ONLY_ACTIVE_ARCH = YES;
				SDKROOT = macosx;
			};
			name = Debug;
		};
		FAC3F9EA1EC75E4F0026DBE8 /* Release */ = {
			isa = XCBuildConfiguration;
			buildSettings = {
				ALWAYS_SEARCH_USER_PATHS = NO;
				CLANG_ANALYZER_NONNULL = YES;
				CLANG_CXX_LANGUAGE_STANDARD = "gnu++0x";
				CLANG_CXX_LIBRARY = "libc++";
				CLANG_ENABLE_MODULES = YES;
				CLANG_ENABLE_OBJC_ARC = YES;
				CLANG_WARN_BOOL_CONVERSION = YES;
				CLANG_WARN_CONSTANT_CONVERSION = YES;
				CLANG_WARN_DIRECT_OBJC_ISA_USAGE = YES_ERROR;
				CLANG_WARN_DOCUMENTATION_COMMENTS = YES;
				CLANG_WARN_EMPTY_BODY = YES;
				CLANG_WARN_ENUM_CONVERSION = YES;
				CLANG_WARN_INFINITE_RECURSION = YES;
				CLANG_WARN_INT_CONVERSION = YES;
				CLANG_WARN_OBJC_ROOT_CLASS = YES_ERROR;
				CLANG_WARN_SUSPICIOUS_MOVE = YES;
				CLANG_WARN_UNREACHABLE_CODE = YES;
				CLANG_WARN__DUPLICATE_METHOD_MATCH = YES;
				CODE_SIGN_IDENTITY = "-";
				COPY_PHASE_STRIP = NO;
				DEBUG_INFORMATION_FORMAT = "dwarf-with-dsym";
				ENABLE_NS_ASSERTIONS = NO;
				ENABLE_STRICT_OBJC_MSGSEND = YES;
				GCC_C_LANGUAGE_STANDARD = gnu99;
				GCC_NO_COMMON_BLOCKS = YES;
				GCC_WARN_64_TO_32_BIT_CONVERSION = YES;
				GCC_WARN_ABOUT_RETURN_TYPE = YES_ERROR;
				GCC_WARN_UNDECLARED_SELECTOR = YES;
				GCC_WARN_UNINITIALIZED_AUTOS = YES_AGGRESSIVE;
				GCC_WARN_UNUSED_FUNCTION = YES;
				GCC_WARN_UNUSED_VARIABLE = YES;
				MACOSX_DEPLOYMENT_TARGET = 10.12;
				MTL_ENABLE_DEBUG_INFO = NO;
				SDKROOT = macosx;
			};
			name = Release;
		};
		FAC3F9EC1EC75E4F0026DBE8 /* Debug */ = {
			isa = XCBuildConfiguration;
			buildSettings = {
				CLANG_CXX_LANGUAGE_STANDARD = "gnu++14";
				DEVELOPMENT_TEAM = 7UL3QLWN6Q;
				PRODUCT_NAME = "$(TARGET_NAME)";
			};
			name = Debug;
		};
		FAC3F9ED1EC75E4F0026DBE8 /* Release */ = {
			isa = XCBuildConfiguration;
			buildSettings = {
				CLANG_CXX_LANGUAGE_STANDARD = "gnu++14";
				DEVELOPMENT_TEAM = 7UL3QLWN6Q;
				PRODUCT_NAME = "$(TARGET_NAME)";
			};
			name = Release;
		};
/* End XCBuildConfiguration section */

/* Begin XCConfigurationList section */
		FAC3F9DF1EC75E4F0026DBE8 /* Build configuration list for PBXProject "sfinae" */ = {
			isa = XCConfigurationList;
			buildConfigurations = (
				FAC3F9E91EC75E4F0026DBE8 /* Debug */,
				FAC3F9EA1EC75E4F0026DBE8 /* Release */,
			);
			defaultConfigurationIsVisible = 0;
			defaultConfigurationName = Release;
		};
		FAC3F9EB1EC75E4F0026DBE8 /* Build configuration list for PBXNativeTarget "sfinae" */ = {
			isa = XCConfigurationList;
			buildConfigurations = (
				FAC3F9EC1EC75E4F0026DBE8 /* Debug */,
				FAC3F9ED1EC75E4F0026DBE8 /* Release */,
			);
			defaultConfigurationIsVisible = 0;
			defaultConfigurationName = Release;
		};
/* End XCConfigurationList section */
	};
	rootObject = FAC3F9DC1EC75E4F0026DBE8 /* Project object */;
}
